
Microsoft Visual Studio Solution File, Format Version 12.00
# Visual Studio Version 17
VisualStudioVersion = 17.14.36310.24
MinimumVisualStudioVersion = 10.0.40219.1
Project("{FAE04EC0-301F-11D3-BF4B-00C04F79EFBC}") = "OnlineShop.Domain", "OnlineShop.Domain\OnlineShop.Domain.csproj", "{631C0985-C920-4A18-B5B4-3EC4C5D0BDA2}"
EndProject
Project("{FAE04EC0-301F-11D3-BF4B-00C04F79EFBC}") = "OnlineShop.Application", "OnlineShop.Application\OnlineShop.Application.csproj", "{E3F93472-3D8F-436F-94F2-84F7CB4235C5}"
EndProject
Project("{FAE04EC0-301F-11D3-BF4B-00C04F79EFBC}") = "OnlineShop.Persistence", "OnlineShop.Persistence\OnlineShop.Persistence.csproj", "{91D504AE-44F1-4F9E-A7B8-C4E8E62ECE3E}"
EndProject
Project("{FAE04EC0-301F-11D3-BF4B-00C04F79EFBC}") = "OnlineShop.API", "OnlineShop.API\OnlineShop.API.csproj", "{F613BD03-1175-42D0-AF7E-92F4F813712F}"
EndProject
Project("{FAE04EC0-301F-11D3-BF4B-00C04F79EFBC}") = "OnlineShop.Infrastructure", "OnlineShop.Infrastructure\OnlineShop.Infrastructure.csproj", "{21725021-27C7-49CC-B213-4E640C42B5C1}"
EndProject
Global
	GlobalSection(SolutionConfigurationPlatforms) = preSolution
		Debug|Any CPU = Debug|Any CPU
		Release|Any CPU = Release|Any CPU
	EndGlobalSection
	GlobalSection(ProjectConfigurationPlatforms) = postSolution
		{631C0985-C920-4A18-B5B4-3EC4C5D0BDA2}.Debug|Any CPU.ActiveCfg = Debug|Any CPU
		{631C0985-C920-4A18-B5B4-3EC4C5D0BDA2}.Debug|Any CPU.Build.0 = Debug|Any CPU
		{631C0985-C920-4A18-B5B4-3EC4C5D0BDA2}.Release|Any CPU.ActiveCfg = Release|Any CPU
		{631C0985-C920-4A18-B5B4-3EC4C5D0BDA2}.Release|Any CPU.Build.0 = Release|Any CPU
		{E3F93472-3D8F-436F-94F2-84F7CB4235C5}.Debug|Any CPU.ActiveCfg = Debug|Any CPU
		{E3F93472-3D8F-436F-94F2-84F7CB4235C5}.Debug|Any CPU.Build.0 = Debug|Any CPU
		{E3F93472-3D8F-436F-94F2-84F7CB4235C5}.Release|Any CPU.ActiveCfg = Release|Any CPU
		{E3F93472-3D8F-436F-94F2-84F7CB4235C5}.Release|Any CPU.Build.0 = Release|Any CPU
		{91D504AE-44F1-4F9E-A7B8-C4E8E62ECE3E}.Debug|Any CPU.ActiveCfg = Debug|Any CPU
		{91D504AE-44F1-4F9E-A7B8-C4E8E62ECE3E}.Debug|Any CPU.Build.0 = Debug|Any CPU
		{91D504AE-44F1-4F9E-A7B8-C4E8E62ECE3E}.Release|Any CPU.ActiveCfg = Release|Any CPU
		{91D504AE-44F1-4F9E-A7B8-C4E8E62ECE3E}.Release|Any CPU.Build.0 = Release|Any CPU
		{F613BD03-1175-42D0-AF7E-92F4F813712F}.Debug|Any CPU.ActiveCfg = Debug|Any CPU
		{F613BD03-1175-42D0-AF7E-92F4F813712F}.Debug|Any CPU.Build.0 = Debug|Any CPU
		{F613BD03-1175-42D0-AF7E-92F4F813712F}.Release|Any CPU.ActiveCfg = Release|Any CPU
		{F613BD03-1175-42D0-AF7E-92F4F813712F}.Release|Any CPU.Build.0 = Release|Any CPU
		{21725021-27C7-49CC-B213-4E640C42B5C1}.Debug|Any CPU.ActiveCfg = Debug|Any CPU
		{21725021-27C7-49CC-B213-4E640C42B5C1}.Debug|Any CPU.Build.0 = Debug|Any CPU
		{21725021-27C7-49CC-B213-4E640C42B5C1}.Release|Any CPU.ActiveCfg = Release|Any CPU
		{21725021-27C7-49CC-B213-4E640C42B5C1}.Release|Any CPU.Build.0 = Release|Any CPU
	EndGlobalSection
	GlobalSection(SolutionProperties) = preSolution
		HideSolutionNode = FALSE
	EndGlobalSection
	GlobalSection(ExtensibilityGlobals) = postSolution
		SolutionGuid = {178FC4BD-267B-423A-B989-88962BB21684}
	EndGlobalSection
EndGlobal
